{
    "version": 3,
    "terraform_version": "0.11.13",
    "serial": 1,
    "lineage": "a85141e3-1afe-d3d1-82f0-20e0b70b6ad2",
    "modules": [
        {
            "path": [
                "root"
            ],
            "outputs": {
                "db_node_public_ip": {
                    "sensitive": false,
                    "type": "list",
                    "value": [
                        "158.101.175.134"
                    ]
                }
            },
            "resources": {
                "data.oci_core_vnic.db_node_vnic": {
                    "type": "oci_core_vnic",
                    "depends_on": [
                        "data.oci_database_db_node.db_node_details"
                    ],
                    "primary": {
                        "id": "ocid1.vnic.oc1.eu-frankfurt-1.abtheljty7bwcvkqeyjgtes6z7il6veeoqx2ckcf5qlig256l3uy3qmoahcq",
                        "attributes": {
                            "availability_domain": "VrTN:EU-FRANKFURT-1-AD-1",
                            "compartment_id": "ocid1.compartment.oc1..aaaaaaaatz2chvjiz4d3xdrtzmtxspkul4augrxbv6lb6br3e2xv7aerh3ia",
                            "defined_tags.%": "0",
                            "display_name": "ocid1.dbnode.oc1.eu-frankfurt-1.abtheljtwds4mnc7qu54vmm7b3tufldhlpgcbcxzklmtx5babaetnlkrwe5q",
                            "freeform_tags.%": "0",
                            "hostname_label": "hostdbmadee",
                            "id": "ocid1.vnic.oc1.eu-frankfurt-1.abtheljty7bwcvkqeyjgtes6z7il6veeoqx2ckcf5qlig256l3uy3qmoahcq",
                            "is_primary": "true",
                            "mac_address": "00:00:17:02:5C:6E",
                            "nsg_ids.#": "0",
                            "private_ip_address": "10.0.0.102",
                            "public_ip_address": "158.101.175.134",
                            "skip_source_dest_check": "false",
                            "state": "AVAILABLE",
                            "subnet_id": "ocid1.subnet.oc1.eu-frankfurt-1.aaaaaaaanvcqurwidohxzzoa3qla5yomftew4zjz4fsennahxpi745zyqfea",
                            "time_created": "2019-12-10 16:09:10.32 +0000 UTC",
                            "vnic_id": "ocid1.vnic.oc1.eu-frankfurt-1.abtheljty7bwcvkqeyjgtes6z7il6veeoqx2ckcf5qlig256l3uy3qmoahcq"
                        },
                        "meta": {},
                        "tainted": false
                    },
                    "deposed": [],
                    "provider": "provider.oci"
                },
                "data.oci_database_db_node.db_node_details": {
                    "type": "oci_database_db_node",
                    "depends_on": [
                        "data.oci_database_db_nodes.db_nodes"
                    ],
                    "primary": {
                        "id": "ocid1.dbnode.oc1.eu-frankfurt-1.abtheljtwds4mnc7qu54vmm7b3tufldhlpgcbcxzklmtx5babaetnlkrwe5q",
                        "attributes": {
                            "db_node_id": "ocid1.dbnode.oc1.eu-frankfurt-1.abtheljtwds4mnc7qu54vmm7b3tufldhlpgcbcxzklmtx5babaetnlkrwe5q",
                            "db_system_id": "ocid1.dbsystem.oc1.eu-frankfurt-1.abtheljtzy44z45hg3cuy32m57v4rlkljyffryvx4p76zuysfbtaqunty4xa",
                            "fault_domain": "FAULT-DOMAIN-3",
                            "hostname": "hostdbmadee",
                            "id": "ocid1.dbnode.oc1.eu-frankfurt-1.abtheljtwds4mnc7qu54vmm7b3tufldhlpgcbcxzklmtx5babaetnlkrwe5q",
                            "software_storage_size_in_gb": "200",
                            "state": "AVAILABLE",
                            "time_created": "2019-12-10 16:08:55.448 +0000 UTC",
                            "vnic_id": "ocid1.vnic.oc1.eu-frankfurt-1.abtheljty7bwcvkqeyjgtes6z7il6veeoqx2ckcf5qlig256l3uy3qmoahcq"
                        },
                        "meta": {},
                        "tainted": false
                    },
                    "deposed": [],
                    "provider": "provider.oci"
                },
                "data.oci_database_db_nodes.db_nodes": {
                    "type": "oci_database_db_nodes",
                    "depends_on": [
                        "oci_database_db_system.DBGIGISPIZZA"
                    ],
                    "primary": {
                        "id": "2019-12-10 17:26:07.298569214 +0000 UTC",
                        "attributes": {
                            "compartment_id": "ocid1.compartment.oc1..aaaaaaaatz2chvjiz4d3xdrtzmtxspkul4augrxbv6lb6br3e2xv7aerh3ia",
                            "db_nodes.#": "1",
                            "db_nodes.0.backup_vnic_id": "",
                            "db_nodes.0.db_node_id": "ocid1.dbnode.oc1.eu-frankfurt-1.abtheljtwds4mnc7qu54vmm7b3tufldhlpgcbcxzklmtx5babaetnlkrwe5q",
                            "db_nodes.0.db_system_id": "ocid1.dbsystem.oc1.eu-frankfurt-1.abtheljtzy44z45hg3cuy32m57v4rlkljyffryvx4p76zuysfbtaqunty4xa",
                            "db_nodes.0.fault_domain": "FAULT-DOMAIN-3",
                            "db_nodes.0.hostname": "hostdbmadee",
                            "db_nodes.0.id": "ocid1.dbnode.oc1.eu-frankfurt-1.abtheljtwds4mnc7qu54vmm7b3tufldhlpgcbcxzklmtx5babaetnlkrwe5q",
                            "db_nodes.0.software_storage_size_in_gb": "200",
                            "db_nodes.0.state": "AVAILABLE",
                            "db_nodes.0.time_created": "2019-12-10 16:08:55.448 +0000 UTC",
                            "db_nodes.0.vnic_id": "ocid1.vnic.oc1.eu-frankfurt-1.abtheljty7bwcvkqeyjgtes6z7il6veeoqx2ckcf5qlig256l3uy3qmoahcq",
                            "db_system_id": "ocid1.dbsystem.oc1.eu-frankfurt-1.abtheljtzy44z45hg3cuy32m57v4rlkljyffryvx4p76zuysfbtaqunty4xa",
                            "id": "2019-12-10 17:26:07.298569214 +0000 UTC"
                        },
                        "meta": {},
                        "tainted": false
                    },
                    "deposed": [],
                    "provider": "provider.oci"
                },
                "data.oci_identity_availability_domains.ADs": {
                    "type": "oci_identity_availability_domains",
                    "depends_on": [],
                    "primary": {
                        "id": "2019-12-10 16:08:54.257339644 +0000 UTC",
                        "attributes": {
                            "availability_domains.#": "3",
                            "availability_domains.0.compartment_id": "ocid1.compartment.oc1..aaaaaaaatz2chvjiz4d3xdrtzmtxspkul4augrxbv6lb6br3e2xv7aerh3ia",
                            "availability_domains.0.id": "ocid1.availabilitydomain.oc1..aaaaaaaalcdcbl7u6akbmkojxhrozpj2v7yavqqydkj3ytyjbt47lnoqnm2q",
                            "availability_domains.0.name": "VrTN:EU-FRANKFURT-1-AD-1",
                            "availability_domains.1.compartment_id": "ocid1.compartment.oc1..aaaaaaaatz2chvjiz4d3xdrtzmtxspkul4augrxbv6lb6br3e2xv7aerh3ia",
                            "availability_domains.1.id": "ocid1.availabilitydomain.oc1..aaaaaaaaa2artt5wizbqvwl3rgptylx2l7jqbnyv4dygcfvlrd3dphvi3mdq",
                            "availability_domains.1.name": "VrTN:EU-FRANKFURT-1-AD-2",
                            "availability_domains.2.compartment_id": "ocid1.compartment.oc1..aaaaaaaatz2chvjiz4d3xdrtzmtxspkul4augrxbv6lb6br3e2xv7aerh3ia",
                            "availability_domains.2.id": "ocid1.availabilitydomain.oc1..aaaaaaaaiifj24st3w4j7cowuo3pmqcuqwjapjv435vtjmgh5j7q3flguwna",
                            "availability_domains.2.name": "VrTN:EU-FRANKFURT-1-AD-3",
                            "compartment_id": "ocid1.compartment.oc1..aaaaaaaatz2chvjiz4d3xdrtzmtxspkul4augrxbv6lb6br3e2xv7aerh3ia",
                            "id": "2019-12-10 16:08:54.257339644 +0000 UTC"
                        },
                        "meta": {},
                        "tainted": false
                    },
                    "deposed": [],
                    "provider": "provider.oci"
                },
                "null_resource.remote-exec": {
                    "type": "null_resource",
                    "depends_on": [
                        "data.oci_core_vnic.db_node_vnic"
                    ],
                    "primary": {
                        "id": "1927285377864753695",
                        "attributes": {
                            "id": "1927285377864753695"
                        },
                        "meta": {},
                        "tainted": false
                    },
                    "deposed": [],
                    "provider": "provider.null"
                },
                "oci_database_db_system.DBGIGISPIZZA": {
                    "type": "oci_database_db_system",
                    "depends_on": [
                        "data.oci_identity_availability_domains.ADs"
                    ],
                    "primary": {
                        "id": "ocid1.dbsystem.oc1.eu-frankfurt-1.abtheljtzy44z45hg3cuy32m57v4rlkljyffryvx4p76zuysfbtaqunty4xa",
                        "attributes": {
                            "availability_domain": "VrTN:EU-FRANKFURT-1-AD-1",
                            "backup_network_nsg_ids.#": "0",
                            "compartment_id": "ocid1.compartment.oc1..aaaaaaaatz2chvjiz4d3xdrtzmtxspkul4augrxbv6lb6br3e2xv7aerh3ia",
                            "cpu_core_count": "1",
                            "data_storage_percentage": "80",
                            "data_storage_size_in_gb": "512",
                            "database_edition": "ENTERPRISE_EDITION",
                            "db_home.#": "1",
                            "db_home.0.database.#": "1",
                            "db_home.0.database.0.admin_password": "Welcome1#Oc4j1013-",
                            "db_home.0.database.0.backup_id": "",
                            "db_home.0.database.0.backup_tde_password": "",
                            "db_home.0.database.0.character_set": "AL32UTF8",
                            "db_home.0.database.0.connection_strings.#": "1",
                            "db_home.0.database.0.connection_strings.0.all_connection_strings.%": "2",
                            "db_home.0.database.0.connection_strings.0.all_connection_strings.cdbDefault": "hostdbmadee.sub03010825490.devopsvcn.oraclevcn.com:1521/DBMadEE_fra1nj.sub03010825490.devopsvcn.oraclevcn.com",
                            "db_home.0.database.0.connection_strings.0.all_connection_strings.cdbIpDefault": "(DESCRIPTION=(CONNECT_TIMEOUT=5)(TRANSPORT_CONNECT_TIMEOUT=3)(RETRY_COUNT=3)(ADDRESS_LIST=(LOAD_BALANCE=on)(ADDRESS=(PROTOCOL=TCP)(HOST=10.0.0.102)(PORT=1521)))(CONNECT_DATA=(SERVICE_NAME=DBMadEE_fra1nj.sub03010825490.devopsvcn.oraclevcn.com)))",
                            "db_home.0.database.0.connection_strings.0.cdb_default": "hostdbmadee.sub03010825490.devopsvcn.oraclevcn.com:1521/DBMadEE_fra1nj.sub03010825490.devopsvcn.oraclevcn.com",
                            "db_home.0.database.0.connection_strings.0.cdb_ip_default": "(DESCRIPTION=(CONNECT_TIMEOUT=5)(TRANSPORT_CONNECT_TIMEOUT=3)(RETRY_COUNT=3)(ADDRESS_LIST=(LOAD_BALANCE=on)(ADDRESS=(PROTOCOL=TCP)(HOST=10.0.0.102)(PORT=1521)))(CONNECT_DATA=(SERVICE_NAME=DBMadEE_fra1nj.sub03010825490.devopsvcn.oraclevcn.com)))",
                            "db_home.0.database.0.db_backup_config.#": "0",
                            "db_home.0.database.0.db_name": "DBMadEE",
                            "db_home.0.database.0.db_unique_name": "DBMadEE_fra1nj",
                            "db_home.0.database.0.db_workload": "OLTP",
                            "db_home.0.database.0.defined_tags.%": "0",
                            "db_home.0.database.0.freeform_tags.%": "0",
                            "db_home.0.database.0.id": "ocid1.database.oc1.eu-frankfurt-1.abtheljtujne7s63ezi5sm6odni3o33be7mcv3z52u2hzgiggf277kxia24q",
                            "db_home.0.database.0.lifecycle_details": "",
                            "db_home.0.database.0.ncharacter_set": "AL16UTF16",
                            "db_home.0.database.0.pdb_name": "",
                            "db_home.0.database.0.state": "AVAILABLE",
                            "db_home.0.database.0.time_created": "2019-12-10 16:08:55.45 +0000 UTC",
                            "db_home.0.db_version": "19.4.0.0.190716",
                            "db_home.0.display_name": "DODBHP",
                            "db_home.0.id": "ocid1.dbhome.oc1.eu-frankfurt-1.abtheljtkh6czwpep7pnpwcmqtzmo7da4vaacz5zdnnydlpzvlcbynxjlhhq",
                            "db_home.0.last_patch_history_entry_id": "",
                            "db_home.0.state": "AVAILABLE",
                            "db_home.0.time_created": "2019-12-10 16:08:55.449 +0000 UTC",
                            "db_system_options.#": "1",
                            "db_system_options.0.storage_management": "ASM",
                            "defined_tags.%": "0",
                            "disk_redundancy": "NORMAL",
                            "display_name": "DBMadEE",
                            "domain": "sub03010825490.devopsvcn.oraclevcn.com",
                            "fault_domains.#": "1",
                            "fault_domains.0": "FAULT-DOMAIN-3",
                            "freeform_tags.%": "0",
                            "hostname": "hostdbmadee",
                            "id": "ocid1.dbsystem.oc1.eu-frankfurt-1.abtheljtzy44z45hg3cuy32m57v4rlkljyffryvx4p76zuysfbtaqunty4xa",
                            "iorm_config_cache.#": "0",
                            "license_model": "BRING_YOUR_OWN_LICENSE",
                            "listener_port": "1521",
                            "node_count": "1",
                            "nsg_ids.#": "0",
                            "reco_storage_size_in_gb": "256",
                            "scan_dns_record_id": "ocid1.vcndnsrecord.oc1.eu-frankfurt-1.abtheljtamjfonzqeffuk6febgrh476tjsbngh3xsi5yll7rjmlrqz4ub4xa",
                            "scan_ip_ids.#": "0",
                            "shape": "VM.Standard2.1",
                            "source": "NONE",
                            "ssh_public_keys.#": "1",
                            "ssh_public_keys.2244670161": "ssh-rsa AAAAB3NzaC1yc2EAAAADAQABAAABAQCZ8lkqE5MPA6JKNP+85dxBBvGBAgvaVphNdmOUirzoTTS7OmjCIZN9VM/6x81YGEwxnJ7piRZnp0mY/JyzAyKEcgxzbU1N6BGFBEgov6AdXWSpfrcG2vB96OIS8FfAPiPpqMowqeiJXfLYLz9/hiurisAW4t0wXCdqX8mwLtCij67uskQ/CnHP6I4gyYUW1fpGIa8QoPB3vLjW5R0NL/g6LZ7LG5yYXsJZQP6o3wYMBKdvR5Y3rhRmS9mGUwpzebcuy1kpRxeT6ctTqszc88VfSZV+3URBr/vbyJeEt9+3ixTTFJeWH7xuBCXL+k0oZNormgNiovwjssRMJiJxMJjB",
                            "state": "AVAILABLE",
                            "subnet_id": "ocid1.subnet.oc1.eu-frankfurt-1.aaaaaaaanvcqurwidohxzzoa3qla5yomftew4zjz4fsennahxpi745zyqfea",
                            "time_created": "2019-12-10 16:08:55.447 +0000 UTC",
                            "time_zone": "UTC",
                            "version": "19.4.0.0.190716",
                            "vip_ids.#": "0"
                        },
                        "meta": {
                            "e2bfb730-ecaa-11e6-8f88-34363bc7c4c0": {
                                "create": 0,
                                "delete": 7200000000000,
                                "update": 7200000000000
                            }
                        },
                        "tainted": false
                    },
                    "deposed": [],
                    "provider": "provider.oci"
                }
            },
            "depends_on": []
        }
    ]
}
