{
    "version": 3,
    "terraform_version": "0.11.13",
    "serial": 1,
    "lineage": "772c01c7-4d9d-dd17-6c2c-32ec2d74f9dc",
    "modules": [
        {
            "path": [
                "root"
            ],
            "outputs": {},
            "resources": {
                "data.oci_identity_availability_domains.ADs": {
                    "type": "oci_identity_availability_domains",
                    "depends_on": [],
                    "primary": {
                        "id": "2019-07-25 07:42:18.505897914 +0000 UTC",
                        "attributes": {
                            "availability_domains.#": "3",
                            "availability_domains.0.compartment_id": "ocid1.compartment.oc1..aaaaaaaatz2chvjiz4d3xdrtzmtxspkul4augrxbv6lb6br3e2xv7aerh3ia",
                            "availability_domains.0.id": "ocid1.availabilitydomain.oc1..aaaaaaaalcdcbl7u6akbmkojxhrozpj2v7yavqqydkj3ytyjbt47lnoqnm2q",
                            "availability_domains.0.name": "VrTN:EU-FRANKFURT-1-AD-1",
                            "availability_domains.1.compartment_id": "ocid1.compartment.oc1..aaaaaaaatz2chvjiz4d3xdrtzmtxspkul4augrxbv6lb6br3e2xv7aerh3ia",
                            "availability_domains.1.id": "ocid1.availabilitydomain.oc1..aaaaaaaaa2artt5wizbqvwl3rgptylx2l7jqbnyv4dygcfvlrd3dphvi3mdq",
                            "availability_domains.1.name": "VrTN:EU-FRANKFURT-1-AD-2",
                            "availability_domains.2.compartment_id": "ocid1.compartment.oc1..aaaaaaaatz2chvjiz4d3xdrtzmtxspkul4augrxbv6lb6br3e2xv7aerh3ia",
                            "availability_domains.2.id": "ocid1.availabilitydomain.oc1..aaaaaaaaiifj24st3w4j7cowuo3pmqcuqwjapjv435vtjmgh5j7q3flguwna",
                            "availability_domains.2.name": "VrTN:EU-FRANKFURT-1-AD-3",
                            "compartment_id": "ocid1.compartment.oc1..aaaaaaaatz2chvjiz4d3xdrtzmtxspkul4augrxbv6lb6br3e2xv7aerh3ia",
                            "id": "2019-07-25 07:42:18.505897914 +0000 UTC"
                        },
                        "meta": {},
                        "tainted": false
                    },
                    "deposed": [],
                    "provider": "provider.oci"
                },
                "oci_database_db_system.DBGIGISPIZZA": {
                    "type": "oci_database_db_system",
                    "depends_on": [
                        "data.oci_identity_availability_domains.ADs"
                    ],
                    "primary": {
                        "id": "ocid1.dbsystem.oc1.eu-frankfurt-1.abtheljtp5kpsd63ainlhxthz2nzv2rp5wlloq35cm5l22p2zizgis4vq3fa",
                        "attributes": {
                            "availability_domain": "VrTN:EU-FRANKFURT-1-AD-1",
                            "backup_network_nsg_ids.#": "0",
                            "compartment_id": "ocid1.compartment.oc1..aaaaaaaatz2chvjiz4d3xdrtzmtxspkul4augrxbv6lb6br3e2xv7aerh3ia",
                            "cpu_core_count": "1",
                            "data_storage_percentage": "80",
                            "data_storage_size_in_gb": "512",
                            "database_edition": "ENTERPRISE_EDITION_HIGH_PERFORMANCE",
                            "db_home.#": "1",
                            "db_home.0.database.#": "1",
                            "db_home.0.database.0.admin_password": "Welcome1#Oc4j1013-",
                            "db_home.0.database.0.backup_id": "",
                            "db_home.0.database.0.backup_tde_password": "",
                            "db_home.0.database.0.character_set": "AL32UTF8",
                            "db_home.0.database.0.connection_strings.#": "1",
                            "db_home.0.database.0.connection_strings.0.all_connection_strings.%": "2",
                            "db_home.0.database.0.connection_strings.0.all_connection_strings.cdbDefault": "hostdbsfran2.sub03010825490.devopsvcn.oraclevcn.com:1521/DBSFran2_fra1qw.sub03010825490.devopsvcn.oraclevcn.com",
                            "db_home.0.database.0.connection_strings.0.all_connection_strings.cdbIpDefault": "(DESCRIPTION=(CONNECT_TIMEOUT=5)(TRANSPORT_CONNECT_TIMEOUT=3)(RETRY_COUNT=3)(ADDRESS_LIST=(LOAD_BALANCE=on)(ADDRESS=(PROTOCOL=TCP)(HOST=10.0.0.49)(PORT=1521)))(CONNECT_DATA=(SERVICE_NAME=DBSFran2_fra1qw.sub03010825490.devopsvcn.oraclevcn.com)))",
                            "db_home.0.database.0.connection_strings.0.cdb_default": "hostdbsfran2.sub03010825490.devopsvcn.oraclevcn.com:1521/DBSFran2_fra1qw.sub03010825490.devopsvcn.oraclevcn.com",
                            "db_home.0.database.0.connection_strings.0.cdb_ip_default": "(DESCRIPTION=(CONNECT_TIMEOUT=5)(TRANSPORT_CONNECT_TIMEOUT=3)(RETRY_COUNT=3)(ADDRESS_LIST=(LOAD_BALANCE=on)(ADDRESS=(PROTOCOL=TCP)(HOST=10.0.0.49)(PORT=1521)))(CONNECT_DATA=(SERVICE_NAME=DBSFran2_fra1qw.sub03010825490.devopsvcn.oraclevcn.com)))",
                            "db_home.0.database.0.db_backup_config.#": "0",
                            "db_home.0.database.0.db_name": "DBSFran2",
                            "db_home.0.database.0.db_unique_name": "DBSFran2_fra1qw",
                            "db_home.0.database.0.db_workload": "OLTP",
                            "db_home.0.database.0.defined_tags.%": "0",
                            "db_home.0.database.0.freeform_tags.%": "0",
                            "db_home.0.database.0.id": "ocid1.database.oc1.eu-frankfurt-1.abtheljtaoiwnxar7yo44r4zd6jabdp6nauuiqtbtqtzt3bkjd6quyb4fajq",
                            "db_home.0.database.0.lifecycle_details": "",
                            "db_home.0.database.0.ncharacter_set": "AL16UTF16",
                            "db_home.0.database.0.pdb_name": "",
                            "db_home.0.database.0.state": "AVAILABLE",
                            "db_home.0.database.0.time_created": "2019-07-25 07:42:19.88 +0000 UTC",
                            "db_home.0.db_version": "18.6.0.0.190416",
                            "db_home.0.display_name": "DODBHP",
                            "db_home.0.id": "ocid1.dbhome.oc1.eu-frankfurt-1.abtheljtmjnohqvazf2zcuviwhjlingqnpty2hypibrqwwd4umyrksep7woa",
                            "db_home.0.last_patch_history_entry_id": "",
                            "db_home.0.state": "AVAILABLE",
                            "db_home.0.time_created": "2019-07-25 07:42:19.879 +0000 UTC",
                            "defined_tags.%": "0",
                            "disk_redundancy": "NORMAL",
                            "display_name": "DBSFran2",
                            "domain": "sub03010825490.devopsvcn.oraclevcn.com",
                            "fault_domains.#": "1",
                            "fault_domains.0": "FAULT-DOMAIN-3",
                            "freeform_tags.%": "0",
                            "hostname": "hostdbsfran2",
                            "id": "ocid1.dbsystem.oc1.eu-frankfurt-1.abtheljtp5kpsd63ainlhxthz2nzv2rp5wlloq35cm5l22p2zizgis4vq3fa",
                            "iorm_config_cache.#": "0",
                            "license_model": "BRING_YOUR_OWN_LICENSE",
                            "listener_port": "1521",
                            "node_count": "1",
                            "nsg_ids.#": "0",
                            "reco_storage_size_in_gb": "256",
                            "scan_dns_record_id": "ocid1.vcndnsrecord.oc1.eu-frankfurt-1.abtheljtr6saramaqbaswuycmochebemc7r2e6n7efudcq5g2zxkkbac45na",
                            "scan_ip_ids.#": "0",
                            "shape": "VM.Standard2.1",
                            "source": "NONE",
                            "ssh_public_keys.#": "1",
                            "ssh_public_keys.0": "ssh-rsa AAAAB3NzaC1yc2EAAAADAQABAAABAQCZ8lkqE5MPA6JKNP+85dxBBvGBAgvaVphNdmOUirzoTTS7OmjCIZN9VM/6x81YGEwxnJ7piRZnp0mY/JyzAyKEcgxzbU1N6BGFBEgov6AdXWSpfrcG2vB96OIS8FfAPiPpqMowqeiJXfLYLz9/hiurisAW4t0wXCdqX8mwLtCij67uskQ/CnHP6I4gyYUW1fpGIa8QoPB3vLjW5R0NL/g6LZ7LG5yYXsJZQP6o3wYMBKdvR5Y3rhRmS9mGUwpzebcuy1kpRxeT6ctTqszc88VfSZV+3URBr/vbyJeEt9+3ixTTFJeWH7xuBCXL+k0oZNormgNiovwjssRMJiJxMJjB",
                            "state": "AVAILABLE",
                            "subnet_id": "ocid1.subnet.oc1.eu-frankfurt-1.aaaaaaaanvcqurwidohxzzoa3qla5yomftew4zjz4fsennahxpi745zyqfea",
                            "time_created": "2019-07-25 07:42:19.876 +0000 UTC",
                            "time_zone": "UTC",
                            "version": "18.6.0.0.190416",
                            "vip_ids.#": "0"
                        },
                        "meta": {
                            "e2bfb730-ecaa-11e6-8f88-34363bc7c4c0": {
                                "create": 0,
                                "delete": 7200000000000,
                                "update": 7200000000000
                            }
                        },
                        "tainted": false
                    },
                    "deposed": [],
                    "provider": "provider.oci"
                }
            },
            "depends_on": []
        }
    ]
}
