{
    "version": 3,
    "terraform_version": "0.11.13",
    "serial": 1,
    "lineage": "a041120d-3072-cccd-d2b5-52cb319436f7",
    "modules": [
        {
            "path": [
                "root"
            ],
            "outputs": {
                "db_node_public_ip": {
                    "sensitive": false,
                    "type": "list",
                    "value": [
                        "130.61.62.165"
                    ]
                }
            },
            "resources": {
                "data.oci_core_vnic.db_node_vnic": {
                    "type": "oci_core_vnic",
                    "depends_on": [
                        "data.oci_database_db_node.db_node_details"
                    ],
                    "primary": {
                        "id": "ocid1.vnic.oc1.eu-frankfurt-1.abtheljtlcqbr32mhfyib6bjc6jkevpridcck52bbiwofpd6wtk4wxbi6frq",
                        "attributes": {
                            "availability_domain": "VrTN:EU-FRANKFURT-1-AD-1",
                            "compartment_id": "ocid1.compartment.oc1..aaaaaaaatz2chvjiz4d3xdrtzmtxspkul4augrxbv6lb6br3e2xv7aerh3ia",
                            "defined_tags.%": "0",
                            "display_name": "ocid1.dbnode.oc1.eu-frankfurt-1.abtheljt2hpcqwtr5lvfspvljrkgajlikyghneeillsufgtbkqx3fs57ypza",
                            "freeform_tags.%": "0",
                            "hostname_label": "hostdbtest",
                            "id": "ocid1.vnic.oc1.eu-frankfurt-1.abtheljtlcqbr32mhfyib6bjc6jkevpridcck52bbiwofpd6wtk4wxbi6frq",
                            "is_primary": "true",
                            "mac_address": "02:00:17:02:5F:2D",
                            "nsg_ids.#": "0",
                            "private_ip_address": "10.0.0.60",
                            "public_ip_address": "130.61.62.165",
                            "skip_source_dest_check": "false",
                            "state": "AVAILABLE",
                            "subnet_id": "ocid1.subnet.oc1.eu-frankfurt-1.aaaaaaaanvcqurwidohxzzoa3qla5yomftew4zjz4fsennahxpi745zyqfea",
                            "time_created": "2019-08-28 10:05:18.547 +0000 UTC",
                            "vnic_id": "ocid1.vnic.oc1.eu-frankfurt-1.abtheljtlcqbr32mhfyib6bjc6jkevpridcck52bbiwofpd6wtk4wxbi6frq"
                        },
                        "meta": {},
                        "tainted": false
                    },
                    "deposed": [],
                    "provider": "provider.oci"
                },
                "data.oci_database_db_node.db_node_details": {
                    "type": "oci_database_db_node",
                    "depends_on": [
                        "data.oci_database_db_nodes.db_nodes"
                    ],
                    "primary": {
                        "id": "ocid1.dbnode.oc1.eu-frankfurt-1.abtheljt2hpcqwtr5lvfspvljrkgajlikyghneeillsufgtbkqx3fs57ypza",
                        "attributes": {
                            "db_node_id": "ocid1.dbnode.oc1.eu-frankfurt-1.abtheljt2hpcqwtr5lvfspvljrkgajlikyghneeillsufgtbkqx3fs57ypza",
                            "db_system_id": "ocid1.dbsystem.oc1.eu-frankfurt-1.abtheljtywvcnqtv2qe652bf4ynpish4qcpjx2sefxbbkisjatsorwvt3w7a",
                            "fault_domain": "FAULT-DOMAIN-2",
                            "hostname": "hostdbtest",
                            "id": "ocid1.dbnode.oc1.eu-frankfurt-1.abtheljt2hpcqwtr5lvfspvljrkgajlikyghneeillsufgtbkqx3fs57ypza",
                            "software_storage_size_in_gb": "200",
                            "state": "AVAILABLE",
                            "time_created": "2019-08-28 10:04:25.224 +0000 UTC",
                            "vnic_id": "ocid1.vnic.oc1.eu-frankfurt-1.abtheljtlcqbr32mhfyib6bjc6jkevpridcck52bbiwofpd6wtk4wxbi6frq"
                        },
                        "meta": {},
                        "tainted": false
                    },
                    "deposed": [],
                    "provider": "provider.oci"
                },
                "data.oci_database_db_nodes.db_nodes": {
                    "type": "oci_database_db_nodes",
                    "depends_on": [
                        "oci_database_db_system.DBGIGISPIZZA"
                    ],
                    "primary": {
                        "id": "2019-08-28 11:29:34.877700186 +0000 UTC",
                        "attributes": {
                            "compartment_id": "ocid1.compartment.oc1..aaaaaaaatz2chvjiz4d3xdrtzmtxspkul4augrxbv6lb6br3e2xv7aerh3ia",
                            "db_nodes.#": "1",
                            "db_nodes.0.backup_vnic_id": "",
                            "db_nodes.0.db_node_id": "ocid1.dbnode.oc1.eu-frankfurt-1.abtheljt2hpcqwtr5lvfspvljrkgajlikyghneeillsufgtbkqx3fs57ypza",
                            "db_nodes.0.db_system_id": "ocid1.dbsystem.oc1.eu-frankfurt-1.abtheljtywvcnqtv2qe652bf4ynpish4qcpjx2sefxbbkisjatsorwvt3w7a",
                            "db_nodes.0.fault_domain": "FAULT-DOMAIN-2",
                            "db_nodes.0.hostname": "hostdbtest",
                            "db_nodes.0.id": "ocid1.dbnode.oc1.eu-frankfurt-1.abtheljt2hpcqwtr5lvfspvljrkgajlikyghneeillsufgtbkqx3fs57ypza",
                            "db_nodes.0.software_storage_size_in_gb": "200",
                            "db_nodes.0.state": "AVAILABLE",
                            "db_nodes.0.time_created": "2019-08-28 10:04:25.224 +0000 UTC",
                            "db_nodes.0.vnic_id": "ocid1.vnic.oc1.eu-frankfurt-1.abtheljtlcqbr32mhfyib6bjc6jkevpridcck52bbiwofpd6wtk4wxbi6frq",
                            "db_system_id": "ocid1.dbsystem.oc1.eu-frankfurt-1.abtheljtywvcnqtv2qe652bf4ynpish4qcpjx2sefxbbkisjatsorwvt3w7a",
                            "id": "2019-08-28 11:29:34.877700186 +0000 UTC"
                        },
                        "meta": {},
                        "tainted": false
                    },
                    "deposed": [],
                    "provider": "provider.oci"
                },
                "data.oci_identity_availability_domains.ADs": {
                    "type": "oci_identity_availability_domains",
                    "depends_on": [],
                    "primary": {
                        "id": "2019-08-28 10:04:23.961566736 +0000 UTC",
                        "attributes": {
                            "availability_domains.#": "3",
                            "availability_domains.0.compartment_id": "ocid1.compartment.oc1..aaaaaaaatz2chvjiz4d3xdrtzmtxspkul4augrxbv6lb6br3e2xv7aerh3ia",
                            "availability_domains.0.id": "ocid1.availabilitydomain.oc1..aaaaaaaalcdcbl7u6akbmkojxhrozpj2v7yavqqydkj3ytyjbt47lnoqnm2q",
                            "availability_domains.0.name": "VrTN:EU-FRANKFURT-1-AD-1",
                            "availability_domains.1.compartment_id": "ocid1.compartment.oc1..aaaaaaaatz2chvjiz4d3xdrtzmtxspkul4augrxbv6lb6br3e2xv7aerh3ia",
                            "availability_domains.1.id": "ocid1.availabilitydomain.oc1..aaaaaaaaa2artt5wizbqvwl3rgptylx2l7jqbnyv4dygcfvlrd3dphvi3mdq",
                            "availability_domains.1.name": "VrTN:EU-FRANKFURT-1-AD-2",
                            "availability_domains.2.compartment_id": "ocid1.compartment.oc1..aaaaaaaatz2chvjiz4d3xdrtzmtxspkul4augrxbv6lb6br3e2xv7aerh3ia",
                            "availability_domains.2.id": "ocid1.availabilitydomain.oc1..aaaaaaaaiifj24st3w4j7cowuo3pmqcuqwjapjv435vtjmgh5j7q3flguwna",
                            "availability_domains.2.name": "VrTN:EU-FRANKFURT-1-AD-3",
                            "compartment_id": "ocid1.compartment.oc1..aaaaaaaatz2chvjiz4d3xdrtzmtxspkul4augrxbv6lb6br3e2xv7aerh3ia",
                            "id": "2019-08-28 10:04:23.961566736 +0000 UTC"
                        },
                        "meta": {},
                        "tainted": false
                    },
                    "deposed": [],
                    "provider": "provider.oci"
                },
                "null_resource.remote-exec": {
                    "type": "null_resource",
                    "depends_on": [
                        "data.oci_core_vnic.db_node_vnic"
                    ],
                    "primary": {
                        "id": "4968880561176612610",
                        "attributes": {
                            "id": "4968880561176612610"
                        },
                        "meta": {},
                        "tainted": true
                    },
                    "deposed": [],
                    "provider": "provider.null"
                },
                "oci_database_db_system.DBGIGISPIZZA": {
                    "type": "oci_database_db_system",
                    "depends_on": [
                        "data.oci_identity_availability_domains.ADs"
                    ],
                    "primary": {
                        "id": "ocid1.dbsystem.oc1.eu-frankfurt-1.abtheljtywvcnqtv2qe652bf4ynpish4qcpjx2sefxbbkisjatsorwvt3w7a",
                        "attributes": {
                            "availability_domain": "VrTN:EU-FRANKFURT-1-AD-1",
                            "compartment_id": "ocid1.compartment.oc1..aaaaaaaatz2chvjiz4d3xdrtzmtxspkul4augrxbv6lb6br3e2xv7aerh3ia",
                            "cpu_core_count": "1",
                            "data_storage_percentage": "80",
                            "data_storage_size_in_gb": "512",
                            "database_edition": "ENTERPRISE_EDITION_HIGH_PERFORMANCE",
                            "db_home.#": "1",
                            "db_home.0.database.#": "1",
                            "db_home.0.database.0.admin_password": "Welcome1#Oc4j1013-",
                            "db_home.0.database.0.backup_id": "",
                            "db_home.0.database.0.backup_tde_password": "",
                            "db_home.0.database.0.character_set": "AL32UTF8",
                            "db_home.0.database.0.connection_strings.#": "1",
                            "db_home.0.database.0.connection_strings.0.all_connection_strings.%": "2",
                            "db_home.0.database.0.connection_strings.0.all_connection_strings.cdbDefault": "hostdbtest.sub03010825490.devopsvcn.oraclevcn.com:1521/DBTest_fra1jp.sub03010825490.devopsvcn.oraclevcn.com",
                            "db_home.0.database.0.connection_strings.0.all_connection_strings.cdbIpDefault": "(DESCRIPTION=(CONNECT_TIMEOUT=5)(TRANSPORT_CONNECT_TIMEOUT=3)(RETRY_COUNT=3)(ADDRESS_LIST=(LOAD_BALANCE=on)(ADDRESS=(PROTOCOL=TCP)(HOST=10.0.0.60)(PORT=1521)))(CONNECT_DATA=(SERVICE_NAME=DBTest_fra1jp.sub03010825490.devopsvcn.oraclevcn.com)))",
                            "db_home.0.database.0.connection_strings.0.cdb_default": "hostdbtest.sub03010825490.devopsvcn.oraclevcn.com:1521/DBTest_fra1jp.sub03010825490.devopsvcn.oraclevcn.com",
                            "db_home.0.database.0.connection_strings.0.cdb_ip_default": "(DESCRIPTION=(CONNECT_TIMEOUT=5)(TRANSPORT_CONNECT_TIMEOUT=3)(RETRY_COUNT=3)(ADDRESS_LIST=(LOAD_BALANCE=on)(ADDRESS=(PROTOCOL=TCP)(HOST=10.0.0.60)(PORT=1521)))(CONNECT_DATA=(SERVICE_NAME=DBTest_fra1jp.sub03010825490.devopsvcn.oraclevcn.com)))",
                            "db_home.0.database.0.db_backup_config.#": "0",
                            "db_home.0.database.0.db_name": "DBTest",
                            "db_home.0.database.0.db_unique_name": "DBTest_fra1jp",
                            "db_home.0.database.0.db_workload": "OLTP",
                            "db_home.0.database.0.defined_tags.%": "0",
                            "db_home.0.database.0.freeform_tags.%": "0",
                            "db_home.0.database.0.id": "ocid1.database.oc1.eu-frankfurt-1.abtheljt7kjhqivcbg7rmerro2rrgnbdxdkwtttovnsmdupmvm5qph7ajhyq",
                            "db_home.0.database.0.lifecycle_details": "",
                            "db_home.0.database.0.ncharacter_set": "AL16UTF16",
                            "db_home.0.database.0.pdb_name": "",
                            "db_home.0.database.0.state": "AVAILABLE",
                            "db_home.0.database.0.time_created": "2019-08-28 10:04:25.225 +0000 UTC",
                            "db_home.0.db_version": "19.3.0.0.190416",
                            "db_home.0.display_name": "DODBHP",
                            "db_home.0.id": "ocid1.dbhome.oc1.eu-frankfurt-1.abtheljt5giosfqwvnq6adbn5sfjr5gaqmzulogi3o7mry4eqmju6vkzyzda",
                            "db_home.0.last_patch_history_entry_id": "",
                            "db_home.0.state": "AVAILABLE",
                            "db_home.0.time_created": "2019-08-28 10:04:25.225 +0000 UTC",
                            "defined_tags.%": "0",
                            "disk_redundancy": "NORMAL",
                            "display_name": "DBTest",
                            "domain": "sub03010825490.devopsvcn.oraclevcn.com",
                            "fault_domains.#": "1",
                            "fault_domains.0": "FAULT-DOMAIN-2",
                            "freeform_tags.%": "0",
                            "hostname": "hostdbtest",
                            "id": "ocid1.dbsystem.oc1.eu-frankfurt-1.abtheljtywvcnqtv2qe652bf4ynpish4qcpjx2sefxbbkisjatsorwvt3w7a",
                            "iorm_config_cache.#": "0",
                            "license_model": "BRING_YOUR_OWN_LICENSE",
                            "listener_port": "1521",
                            "node_count": "1",
                            "reco_storage_size_in_gb": "256",
                            "scan_dns_record_id": "ocid1.vcndnsrecord.oc1.eu-frankfurt-1.abtheljtzgn7qq3ij6e72v6icy5z5yr3isqeyvkb4iv3s4acqe6x6ky4u27q",
                            "scan_ip_ids.#": "0",
                            "shape": "VM.Standard2.1",
                            "source": "NONE",
                            "ssh_public_keys.#": "1",
                            "ssh_public_keys.0": "ssh-rsa AAAAB3NzaC1yc2EAAAADAQABAAABAQCZ8lkqE5MPA6JKNP+85dxBBvGBAgvaVphNdmOUirzoTTS7OmjCIZN9VM/6x81YGEwxnJ7piRZnp0mY/JyzAyKEcgxzbU1N6BGFBEgov6AdXWSpfrcG2vB96OIS8FfAPiPpqMowqeiJXfLYLz9/hiurisAW4t0wXCdqX8mwLtCij67uskQ/CnHP6I4gyYUW1fpGIa8QoPB3vLjW5R0NL/g6LZ7LG5yYXsJZQP6o3wYMBKdvR5Y3rhRmS9mGUwpzebcuy1kpRxeT6ctTqszc88VfSZV+3URBr/vbyJeEt9+3ixTTFJeWH7xuBCXL+k0oZNormgNiovwjssRMJiJxMJjB",
                            "state": "AVAILABLE",
                            "subnet_id": "ocid1.subnet.oc1.eu-frankfurt-1.aaaaaaaanvcqurwidohxzzoa3qla5yomftew4zjz4fsennahxpi745zyqfea",
                            "time_created": "2019-08-28 10:04:25.223 +0000 UTC",
                            "time_zone": "UTC",
                            "version": "19.3.0.0.190416",
                            "vip_ids.#": "0"
                        },
                        "meta": {
                            "e2bfb730-ecaa-11e6-8f88-34363bc7c4c0": {
                                "create": 0,
                                "delete": 7200000000000,
                                "update": 7200000000000
                            }
                        },
                        "tainted": false
                    },
                    "deposed": [],
                    "provider": "provider.oci"
                }
            },
            "depends_on": []
        }
    ]
}
